
Microsoft Visual Studio Solution File, Format Version 12.00
# Visual Studio Version 16
VisualStudioVersion = 16.0.31624.102
MinimumVisualStudioVersion = 10.0.40219.1
Project("{FAE04EC0-301F-11D3-BF4B-00C04F79EFBC}") = "OrdersUpBackend", "OrdersUpBackend\OrdersUpBackend.csproj", "{05F84CE4-9D0A-4132-B932-8240683A26C9}"
EndProject
Global
	GlobalSection(SolutionConfigurationPlatforms) = preSolution
		Debug|Any CPU = Debug|Any CPU
		Release|Any CPU = Release|Any CPU
	EndGlobalSection
	GlobalSection(ProjectConfigurationPlatforms) = postSolution
		{05F84CE4-9D0A-4132-B932-8240683A26C9}.Debug|Any CPU.ActiveCfg = Debug|Any CPU
		{05F84CE4-9D0A-4132-B932-8240683A26C9}.Debug|Any CPU.Build.0 = Debug|Any CPU
		{05F84CE4-9D0A-4132-B932-8240683A26C9}.Release|Any CPU.ActiveCfg = Release|Any CPU
		{05F84CE4-9D0A-4132-B932-8240683A26C9}.Release|Any CPU.Build.0 = Release|Any CPU
	EndGlobalSection
	GlobalSection(SolutionProperties) = preSolution
		HideSolutionNode = FALSE
	EndGlobalSection
	GlobalSection(ExtensibilityGlobals) = postSolution
		SolutionGuid = {778B1BF0-351E-49A7-8EF1-4AC6437EE4CE}
	EndGlobalSection
EndGlobal
